
Microsoft Visual Studio Solution File, Format Version 11.00
# Visual Studio 2010
Project("{FAE04EC0-301F-11D3-BF4B-00C04F79EFBC}") = "Esc", "Assembly-CSharp.csproj", "{BC06932B-51D7-E649-A384-B833398B4164}"
EndProject
Project("{FAE04EC0-301F-11D3-BF4B-00C04F79EFBC}") = "Esc", "Assembly-CSharp-Editor.csproj", "{1C4E1FD4-25A3-7998-C777-BAEF1FA13563}"
EndProject
Global
	GlobalSection(SolutionConfigurationPlatforms) = preSolution
		Debug|Any CPU = Debug|Any CPU
		Release|Any CPU = Release|Any CPU
	EndGlobalSection
	GlobalSection(ProjectConfigurationPlatforms) = postSolution
		{BC06932B-51D7-E649-A384-B833398B4164}.Debug|Any CPU.ActiveCfg = Debug|Any CPU
		{BC06932B-51D7-E649-A384-B833398B4164}.Debug|Any CPU.Build.0 = Debug|Any CPU
		{BC06932B-51D7-E649-A384-B833398B4164}.Release|Any CPU.ActiveCfg = Release|Any CPU
		{BC06932B-51D7-E649-A384-B833398B4164}.Release|Any CPU.Build.0 = Release|Any CPU
		{1C4E1FD4-25A3-7998-C777-BAEF1FA13563}.Debug|Any CPU.ActiveCfg = Debug|Any CPU
		{1C4E1FD4-25A3-7998-C777-BAEF1FA13563}.Debug|Any CPU.Build.0 = Debug|Any CPU
		{1C4E1FD4-25A3-7998-C777-BAEF1FA13563}.Release|Any CPU.ActiveCfg = Release|Any CPU
		{1C4E1FD4-25A3-7998-C777-BAEF1FA13563}.Release|Any CPU.Build.0 = Release|Any CPU
	EndGlobalSection
	GlobalSection(SolutionProperties) = preSolution
		HideSolutionNode = FALSE
	EndGlobalSection
	GlobalSection(MonoDevelopProperties) = preSolution
		StartupItem = Assembly-CSharp.csproj
	EndGlobalSection
EndGlobal
